
Microsoft Visual Studio Solution File, Format Version 12.00
# Visual Studio Version 16
VisualStudioVersion = 16.0.30611.23
MinimumVisualStudioVersion = 10.0.40219.1
Project("{FAE04EC0-301F-11D3-BF4B-00C04F79EFBC}") = "GitHubReleaser", "GitHubReleaser\GitHubReleaser.csproj", "{EEF80A13-60C4-481F-A254-D281EE5450BE}"
EndProject
Global
	GlobalSection(SolutionConfigurationPlatforms) = preSolution
		Release|x64 = Release|x64
		Debug|x64 = Debug|x64
	EndGlobalSection
	GlobalSection(ProjectConfigurationPlatforms) = postSolution
		{EEF80A13-60C4-481F-A254-D281EE5450BE}.Release|x64.ActiveCfg = Release|x64
		{EEF80A13-60C4-481F-A254-D281EE5450BE}.Release|x64.Build.0 = Release|x64
		{EEF80A13-60C4-481F-A254-D281EE5450BE}.Debug|x64.ActiveCfg = Debug|x64
		{EEF80A13-60C4-481F-A254-D281EE5450BE}.Debug|x64.Build.0 = Debug|x64
	EndGlobalSection
	GlobalSection(SolutionProperties) = preSolution
		HideSolutionNode = FALSE
	EndGlobalSection
	GlobalSection(ExtensibilityGlobals) = postSolution
		SolutionGuid = {9A21E1C6-E8D4-4FFF-B2C2-3CD296F3BC70}
	EndGlobalSection
EndGlobal
