
Microsoft Visual Studio Solution File, Format Version 12.00
# Visual Studio Version 16
VisualStudioVersion = 16.0.30611.23
MinimumVisualStudioVersion = 10.0.40219.1
Project("{FAE04EC0-301F-11D3-BF4B-00C04F79EFBC}") = "GitHubReleaser", "GitHubReleaser\GitHubReleaser.csproj", "{EEF80A13-60C4-481F-A254-D281EE5450BE}"
EndProject
Global
	GlobalSection(SolutionConfigurationPlatforms) = preSolution
		Debug|Any CPU = Debug|Any CPU
		Release|Any CPU = Release|Any CPU
	EndGlobalSection
	GlobalSection(ProjectConfigurationPlatforms) = postSolution
		{EEF80A13-60C4-481F-A254-D281EE5450BE}.Debug|Any CPU.ActiveCfg = Debug|Any CPU
		{EEF80A13-60C4-481F-A254-D281EE5450BE}.Debug|Any CPU.Build.0 = Debug|Any CPU
		{EEF80A13-60C4-481F-A254-D281EE5450BE}.Release|Any CPU.ActiveCfg = Release|Any CPU
		{EEF80A13-60C4-481F-A254-D281EE5450BE}.Release|Any CPU.Build.0 = Release|Any CPU
	EndGlobalSection
	GlobalSection(SolutionProperties) = preSolution
		HideSolutionNode = FALSE
	EndGlobalSection
	GlobalSection(ExtensibilityGlobals) = postSolution
		SolutionGuid = {9A21E1C6-E8D4-4FFF-B2C2-3CD296F3BC70}
	EndGlobalSection
EndGlobal
